// !$*UTF8*$!
{
	archiveVersion = 1;
	classes = {
	};
	objectVersion = 48;
	objects = {

/* Begin PBXBuildFile section */
		465BA4A4200A96F200C39126 /* SendMessageViewController.swift in Sources */ = {isa = PBXBuildFile; fileRef = 465BA4A3200A96F200C39126 /* SendMessageViewController.swift */; };
		465BA4A6200ABD4E00C39126 /* Sender.swift in Sources */ = {isa = PBXBuildFile; fileRef = 465BA4A5200ABD4E00C39126 /* Sender.swift */; };
		465BA4A8200ACED500C39126 /* SendForumViewController.swift in Sources */ = {isa = PBXBuildFile; fileRef = 465BA4A7200ACED500C39126 /* SendForumViewController.swift */; };
		465BA4AC200B6C0F00C39126 /* Structs.swift in Sources */ = {isa = PBXBuildFile; fileRef = 465BA4AB200B6C0F00C39126 /* Structs.swift */; };
		9E022CE22009F99B00BB43E3 /* AppDelegate.swift in Sources */ = {isa = PBXBuildFile; fileRef = 9E022CE12009F99B00BB43E3 /* AppDelegate.swift */; };
		9E022CE42009F99B00BB43E3 /* ViewController.swift in Sources */ = {isa = PBXBuildFile; fileRef = 9E022CE32009F99B00BB43E3 /* ViewController.swift */; };
		9E022CE72009F99B00BB43E3 /* Main.storyboard in Resources */ = {isa = PBXBuildFile; fileRef = 9E022CE52009F99B00BB43E3 /* Main.storyboard */; };
		9E022CE92009F99B00BB43E3 /* Assets.xcassets in Resources */ = {isa = PBXBuildFile; fileRef = 9E022CE82009F99B00BB43E3 /* Assets.xcassets */; };
		9E022CEC2009F99B00BB43E3 /* LaunchScreen.storyboard in Resources */ = {isa = PBXBuildFile; fileRef = 9E022CEA2009F99B00BB43E3 /* LaunchScreen.storyboard */; };
/* End PBXBuildFile section */

/* Begin PBXFileReference section */
		465BA4A3200A96F200C39126 /* SendMessageViewController.swift */ = {isa = PBXFileReference; lastKnownFileType = sourcecode.swift; path = SendMessageViewController.swift; sourceTree = "<group>"; };
		465BA4A5200ABD4E00C39126 /* Sender.swift */ = {isa = PBXFileReference; lastKnownFileType = sourcecode.swift; path = Sender.swift; sourceTree = "<group>"; };
		465BA4A7200ACED500C39126 /* SendForumViewController.swift */ = {isa = PBXFileReference; lastKnownFileType = sourcecode.swift; path = SendForumViewController.swift; sourceTree = "<group>"; };
		465BA4AB200B6C0F00C39126 /* Structs.swift */ = {isa = PBXFileReference; lastKnownFileType = sourcecode.swift; path = Structs.swift; sourceTree = "<group>"; };
		9E022CDE2009F99B00BB43E3 /* rush00.app */ = {isa = PBXFileReference; explicitFileType = wrapper.application; includeInIndex = 0; path = rush00.app; sourceTree = BUILT_PRODUCTS_DIR; };
		9E022CE12009F99B00BB43E3 /* AppDelegate.swift */ = {isa = PBXFileReference; lastKnownFileType = sourcecode.swift; path = AppDelegate.swift; sourceTree = "<group>"; };
		9E022CE32009F99B00BB43E3 /* ViewController.swift */ = {isa = PBXFileReference; lastKnownFileType = sourcecode.swift; path = ViewController.swift; sourceTree = "<group>"; };
		9E022CE62009F99B00BB43E3 /* Base */ = {isa = PBXFileReference; lastKnownFileType = file.storyboard; name = Base; path = Base.lproj/Main.storyboard; sourceTree = "<group>"; };
		9E022CE82009F99B00BB43E3 /* Assets.xcassets */ = {isa = PBXFileReference; lastKnownFileType = folder.assetcatalog; path = Assets.xcassets; sourceTree = "<group>"; };
		9E022CEB2009F99B00BB43E3 /* Base */ = {isa = PBXFileReference; lastKnownFileType = file.storyboard; name = Base; path = Base.lproj/LaunchScreen.storyboard; sourceTree = "<group>"; };
		9E022CED2009F99B00BB43E3 /* Info.plist */ = {isa = PBXFileReference; lastKnownFileType = text.plist.xml; path = Info.plist; sourceTree = "<group>"; };
/* End PBXFileReference section */

/* Begin PBXFrameworksBuildPhase section */
		9E022CDB2009F99B00BB43E3 /* Frameworks */ = {
			isa = PBXFrameworksBuildPhase;
			buildActionMask = 2147483647;
			files = (
			);
			runOnlyForDeploymentPostprocessing = 0;
		};
/* End PBXFrameworksBuildPhase section */

/* Begin PBXGroup section */
		9E022CD52009F99B00BB43E3 = {
			isa = PBXGroup;
			children = (
				9E022CE02009F99B00BB43E3 /* rush00 */,
				9E022CDF2009F99B00BB43E3 /* Products */,
			);
			sourceTree = "<group>";
		};
		9E022CDF2009F99B00BB43E3 /* Products */ = {
			isa = PBXGroup;
			children = (
				9E022CDE2009F99B00BB43E3 /* rush00.app */,
			);
			name = Products;
			sourceTree = "<group>";
		};
		9E022CE02009F99B00BB43E3 /* rush00 */ = {
			isa = PBXGroup;
			children = (
				9E022CE12009F99B00BB43E3 /* AppDelegate.swift */,
				9E022CE32009F99B00BB43E3 /* ViewController.swift */,
				465BA4A3200A96F200C39126 /* SendMessageViewController.swift */,
				9E022CE52009F99B00BB43E3 /* Main.storyboard */,
				465BA4AB200B6C0F00C39126 /* Structs.swift */,
				465BA4A7200ACED500C39126 /* SendForumViewController.swift */,
				465BA4A5200ABD4E00C39126 /* Sender.swift */,
				9E022CE82009F99B00BB43E3 /* Assets.xcassets */,
				9E022CEA2009F99B00BB43E3 /* LaunchScreen.storyboard */,
				9E022CED2009F99B00BB43E3 /* Info.plist */,
			);
			path = rush00;
			sourceTree = "<group>";
		};
/* End PBXGroup section */

/* Begin PBXNativeTarget section */
		9E022CDD2009F99B00BB43E3 /* rush00 */ = {
			isa = PBXNativeTarget;
			buildConfigurationList = 9E022CF02009F99B00BB43E3 /* Build configuration list for PBXNativeTarget "rush00" */;
			buildPhases = (
				9E022CDA2009F99B00BB43E3 /* Sources */,
				9E022CDB2009F99B00BB43E3 /* Frameworks */,
				9E022CDC2009F99B00BB43E3 /* Resources */,
			);
			buildRules = (
			);
			dependencies = (
			);
			name = rush00;
			productName = rush00;
			productReference = 9E022CDE2009F99B00BB43E3 /* rush00.app */;
			productType = "com.apple.product-type.application";
		};
/* End PBXNativeTarget section */

/* Begin PBXProject section */
		9E022CD62009F99B00BB43E3 /* Project object */ = {
			isa = PBXProject;
			attributes = {
				LastSwiftUpdateCheck = 0910;
				LastUpgradeCheck = 0910;
				ORGANIZATIONNAME = "Anne FOUGERE";
				TargetAttributes = {
					9E022CDD2009F99B00BB43E3 = {
						CreatedOnToolsVersion = 9.1;
						ProvisioningStyle = Automatic;
					};
				};
			};
			buildConfigurationList = 9E022CD92009F99B00BB43E3 /* Build configuration list for PBXProject "rush00" */;
			compatibilityVersion = "Xcode 8.0";
			developmentRegion = en;
			hasScannedForEncodings = 0;
			knownRegions = (
				en,
				Base,
			);
			mainGroup = 9E022CD52009F99B00BB43E3;
			productRefGroup = 9E022CDF2009F99B00BB43E3 /* Products */;
			projectDirPath = "";
			projectRoot = "";
			targets = (
				9E022CDD2009F99B00BB43E3 /* rush00 */,
			);
		};
/* End PBXProject section */

/* Begin PBXResourcesBuildPhase section */
		9E022CDC2009F99B00BB43E3 /* Resources */ = {
			isa = PBXResourcesBuildPhase;
			buildActionMask = 2147483647;
			files = (
				9E022CEC2009F99B00BB43E3 /* LaunchScreen.storyboard in Resources */,
				9E022CE92009F99B00BB43E3 /* Assets.xcassets in Resources */,
				9E022CE72009F99B00BB43E3 /* Main.storyboard in Resources */,
			);
			runOnlyForDeploymentPostprocessing = 0;
		};
/* End PBXResourcesBuildPhase section */

/* Begin PBXSourcesBuildPhase section */
		9E022CDA2009F99B00BB43E3 /* Sources */ = {
			isa = PBXSourcesBuildPhase;
			buildActionMask = 2147483647;
			files = (
				465BA4AC200B6C0F00C39126 /* Structs.swift in Sources */,
				465BA4A6200ABD4E00C39126 /* Sender.swift in Sources */,
				9E022CE42009F99B00BB43E3 /* ViewController.swift in Sources */,
				465BA4A8200ACED500C39126 /* SendForumViewController.swift in Sources */,
				465BA4A4200A96F200C39126 /* SendMessageViewController.swift in Sources */,
				9E022CE22009F99B00BB43E3 /* AppDelegate.swift in Sources */,
			);
			runOnlyForDeploymentPostprocessing = 0;
		};
/* End PBXSourcesBuildPhase section */

/* Begin PBXVariantGroup section */
		9E022CE52009F99B00BB43E3 /* Main.storyboard */ = {
			isa = PBXVariantGroup;
			children = (
				9E022CE62009F99B00BB43E3 /* Base */,
			);
			name = Main.storyboard;
			sourceTree = "<group>";
		};
		9E022CEA2009F99B00BB43E3 /* LaunchScreen.storyboard */ = {
			isa = PBXVariantGroup;
			children = (
				9E022CEB2009F99B00BB43E3 /* Base */,
			);
			name = LaunchScreen.storyboard;
			sourceTree = "<group>";
		};
/* End PBXVariantGroup section */

/* Begin XCBuildConfiguration section */
		9E022CEE2009F99B00BB43E3 /* Debug */ = {
			isa = XCBuildConfiguration;
			buildSettings = {
				ALWAYS_SEARCH_USER_PATHS = NO;
				CLANG_ANALYZER_NONNULL = YES;
				CLANG_ANALYZER_NUMBER_OBJECT_CONVERSION = YES_AGGRESSIVE;
				CLANG_CXX_LANGUAGE_STANDARD = "gnu++14";
				CLANG_CXX_LIBRARY = "libc++";
				CLANG_ENABLE_MODULES = YES;
				CLANG_ENABLE_OBJC_ARC = YES;
				CLANG_WARN_BLOCK_CAPTURE_AUTORELEASING = YES;
				CLANG_WARN_BOOL_CONVERSION = YES;
				CLANG_WARN_COMMA = YES;
				CLANG_WARN_CONSTANT_CONVERSION = YES;
				CLANG_WARN_DIRECT_OBJC_ISA_USAGE = YES_ERROR;
				CLANG_WARN_DOCUMENTATION_COMMENTS = YES;
				CLANG_WARN_EMPTY_BODY = YES;
				CLANG_WARN_ENUM_CONVERSION = YES;
				CLANG_WARN_INFINITE_RECURSION = YES;
				CLANG_WARN_INT_CONVERSION = YES;
				CLANG_WARN_NON_LITERAL_NULL_CONVERSION = YES;
				CLANG_WARN_OBJC_LITERAL_CONVERSION = YES;
				CLANG_WARN_OBJC_ROOT_CLASS = YES_ERROR;
				CLANG_WARN_RANGE_LOOP_ANALYSIS = YES;
				CLANG_WARN_STRICT_PROTOTYPES = YES;
				CLANG_WARN_SUSPICIOUS_MOVE = YES;
				CLANG_WARN_UNGUARDED_AVAILABILITY = YES_AGGRESSIVE;
				CLANG_WARN_UNREACHABLE_CODE = YES;
				CLANG_WARN__DUPLICATE_METHOD_MATCH = YES;
				CODE_SIGN_IDENTITY = "iPhone Developer";
				COPY_PHASE_STRIP = NO;
				DEBUG_INFORMATION_FORMAT = dwarf;
				ENABLE_STRICT_OBJC_MSGSEND = YES;
				ENABLE_TESTABILITY = YES;
				GCC_C_LANGUAGE_STANDARD = gnu11;
				GCC_DYNAMIC_NO_PIC = NO;
				GCC_NO_COMMON_BLOCKS = YES;
				GCC_OPTIMIZATION_LEVEL = 0;
				GCC_PREPROCESSOR_DEFINITIONS = (
					"DEBUG=1",
					"$(inherited)",
				);
				GCC_WARN_64_TO_32_BIT_CONVERSION = YES;
				GCC_WARN_ABOUT_RETURN_TYPE = YES_ERROR;
				GCC_WARN_UNDECLARED_SELECTOR = YES;
				GCC_WARN_UNINITIALIZED_AUTOS = YES_AGGRESSIVE;
				GCC_WARN_UNUSED_FUNCTION = YES;
				GCC_WARN_UNUSED_VARIABLE = YES;
				IPHONEOS_DEPLOYMENT_TARGET = 11.1;
				MTL_ENABLE_DEBUG_INFO = YES;
				ONLY_ACTIVE_ARCH = YES;
				SDKROOT = iphoneos;
				SWIFT_ACTIVE_COMPILATION_CONDITIONS = DEBUG;
				SWIFT_OPTIMIZATION_LEVEL = "-Onone";
			};
			name = Debug;
		};
		9E022CEF2009F99B00BB43E3 /* Release */ = {
			isa = XCBuildConfiguration;
			buildSettings = {
				ALWAYS_SEARCH_USER_PATHS = NO;
				CLANG_ANALYZER_NONNULL = YES;
				CLANG_ANALYZER_NUMBER_OBJECT_CONVERSION = YES_AGGRESSIVE;
				CLANG_CXX_LANGUAGE_STANDARD = "gnu++14";
				CLANG_CXX_LIBRARY = "libc++";
				CLANG_ENABLE_MODULES = YES;
				CLANG_ENABLE_OBJC_ARC = YES;
				CLANG_WARN_BLOCK_CAPTURE_AUTORELEASING = YES;
				CLANG_WARN_BOOL_CONVERSION = YES;
				CLANG_WARN_COMMA = YES;
				CLANG_WARN_CONSTANT_CONVERSION = YES;
				CLANG_WARN_DIRECT_OBJC_ISA_USAGE = YES_ERROR;
				CLANG_WARN_DOCUMENTATION_COMMENTS = YES;
				CLANG_WARN_EMPTY_BODY = YES;
				CLANG_WARN_ENUM_CONVERSION = YES;
				CLANG_WARN_INFINITE_RECURSION = YES;
				CLANG_WARN_INT_CONVERSION = YES;
				CLANG_WARN_NON_LITERAL_NULL_CONVERSION = YES;
				CLANG_WARN_OBJC_LITERAL_CONVERSION = YES;
				CLANG_WARN_OBJC_ROOT_CLASS = YES_ERROR;
				CLANG_WARN_RANGE_LOOP_ANALYSIS = YES;
				CLANG_WARN_STRICT_PROTOTYPES = YES;
				CLANG_WARN_SUSPICIOUS_MOVE = YES;
				CLANG_WARN_UNGUARDED_AVAILABILITY = YES_AGGRESSIVE;
				CLANG_WARN_UNREACHABLE_CODE = YES;
				CLANG_WARN__DUPLICATE_METHOD_MATCH = YES;
				CODE_SIGN_IDENTITY = "iPhone Developer";
				COPY_PHASE_STRIP = NO;
				DEBUG_INFORMATION_FORMAT = "dwarf-with-dsym";
				ENABLE_NS_ASSERTIONS = NO;
				ENABLE_STRICT_OBJC_MSGSEND = YES;
				GCC_C_LANGUAGE_STANDARD = gnu11;
				GCC_NO_COMMON_BLOCKS = YES;
				GCC_WARN_64_TO_32_BIT_CONVERSION = YES;
				GCC_WARN_ABOUT_RETURN_TYPE = YES_ERROR;
				GCC_WARN_UNDECLARED_SELECTOR = YES;
				GCC_WARN_UNINITIALIZED_AUTOS = YES_AGGRESSIVE;
				GCC_WARN_UNUSED_FUNCTION = YES;
				GCC_WARN_UNUSED_VARIABLE = YES;
				IPHONEOS_DEPLOYMENT_TARGET = 11.1;
				MTL_ENABLE_DEBUG_INFO = NO;
				SDKROOT = iphoneos;
				SWIFT_OPTIMIZATION_LEVEL = "-Owholemodule";
				VALIDATE_PRODUCT = YES;
			};
			name = Release;
		};
		9E022CF12009F99B00BB43E3 /* Debug */ = {
			isa = XCBuildConfiguration;
			buildSettings = {
				ASSETCATALOG_COMPILER_APPICON_NAME = AppIcon;
				CODE_SIGN_STYLE = Automatic;
				INFOPLIST_FILE = rush00/Info.plist;
				LD_RUNPATH_SEARCH_PATHS = "$(inherited) @executable_path/Frameworks";
				PRODUCT_BUNDLE_IDENTIFIER = af.rush00;
				PRODUCT_NAME = "$(TARGET_NAME)";
				SWIFT_VERSION = 4.0;
				TARGETED_DEVICE_FAMILY = "1,2";
			};
			name = Debug;
		};
		9E022CF22009F99B00BB43E3 /* Release */ = {
			isa = XCBuildConfiguration;
			buildSettings = {
				ASSETCATALOG_COMPILER_APPICON_NAME = AppIcon;
				CODE_SIGN_STYLE = Automatic;
				INFOPLIST_FILE = rush00/Info.plist;
				LD_RUNPATH_SEARCH_PATHS = "$(inherited) @executable_path/Frameworks";
				PRODUCT_BUNDLE_IDENTIFIER = af.rush00;
				PRODUCT_NAME = "$(TARGET_NAME)";
				SWIFT_VERSION = 4.0;
				TARGETED_DEVICE_FAMILY = "1,2";
			};
			name = Release;
		};
/* End XCBuildConfiguration section */

/* Begin XCConfigurationList section */
		9E022CD92009F99B00BB43E3 /* Build configuration list for PBXProject "rush00" */ = {
			isa = XCConfigurationList;
			buildConfigurations = (
				9E022CEE2009F99B00BB43E3 /* Debug */,
				9E022CEF2009F99B00BB43E3 /* Release */,
			);
			defaultConfigurationIsVisible = 0;
			defaultConfigurationName = Release;
		};
		9E022CF02009F99B00BB43E3 /* Build configuration list for PBXNativeTarget "rush00" */ = {
			isa = XCConfigurationList;
			buildConfigurations = (
				9E022CF12009F99B00BB43E3 /* Debug */,
				9E022CF22009F99B00BB43E3 /* Release */,
			);
			defaultConfigurationIsVisible = 0;
			defaultConfigurationName = Release;
		};
/* End XCConfigurationList section */
	};
	rootObject = 9E022CD62009F99B00BB43E3 /* Project object */;
}
